// !$*UTF8*$!
{
	archiveVersion = 1;
	classes = {
	};
	objectVersion = 50;
	objects = {

/* Begin PBXBuildFile section */
		D019D72D2480417A00257524 /* Alerts.swift in Sources */ = {isa = PBXBuildFile; fileRef = D019D72C2480417A00257524 /* Alerts.swift */; };
		D01DD1CF248EF2F9001C84BF /* nudge.json in Resources */ = {isa = PBXBuildFile; fileRef = D01DD1CE248EF2F9001C84BF /* nudge.json */; };
		D0BA9C21247DA65B00B32A25 /* WindowManager.swift in Sources */ = {isa = PBXBuildFile; fileRef = D0BA9C20247DA65B00B32A25 /* WindowManager.swift */; };
		D0BA9C28247F741900B32A25 /* Nudge.swift in Sources */ = {isa = PBXBuildFile; fileRef = D0BA9C27247F741900B32A25 /* Nudge.swift */; };
		D0BF9BD7247704F8003FC9C0 /* Timer.swift in Sources */ = {isa = PBXBuildFile; fileRef = D0BF9BD6247704F8003FC9C0 /* Timer.swift */; };
		D0BF9BD924770FD9003FC9C0 /* NudgeWindowController.swift in Sources */ = {isa = PBXBuildFile; fileRef = D0BF9BD824770FD9003FC9C0 /* NudgeWindowController.swift */; };
		D0C786952475B55A00F79FBA /* AppDelegate.swift in Sources */ = {isa = PBXBuildFile; fileRef = D0C786942475B55A00F79FBA /* AppDelegate.swift */; };
		D0C786972475B55A00F79FBA /* NudgeViewController.swift in Sources */ = {isa = PBXBuildFile; fileRef = D0C786962475B55A00F79FBA /* NudgeViewController.swift */; };
		D0C786992475B55C00F79FBA /* Assets.xcassets in Resources */ = {isa = PBXBuildFile; fileRef = D0C786982475B55C00F79FBA /* Assets.xcassets */; };
		D0C7869C2475B55C00F79FBA /* Main.storyboard in Resources */ = {isa = PBXBuildFile; fileRef = D0C7869A2475B55C00F79FBA /* Main.storyboard */; };
		D0C786A62475B5D900F79FBA /* JsonReader.swift in Sources */ = {isa = PBXBuildFile; fileRef = D0C786A52475B5D900F79FBA /* JsonReader.swift */; };
		D0C786A82475B5F900F79FBA /* Logger.swift in Sources */ = {isa = PBXBuildFile; fileRef = D0C786A72475B5F900F79FBA /* Logger.swift */; };
		D0C786AB2475B62400F79FBA /* LogMessages.swift in Sources */ = {isa = PBXBuildFile; fileRef = D0C786AA2475B62400F79FBA /* LogMessages.swift */; };
		D0C786AE2475B64E00F79FBA /* Preferences.swift in Sources */ = {isa = PBXBuildFile; fileRef = D0C786AD2475B64E00F79FBA /* Preferences.swift */; };
		D0C786B22475B7B300F79FBA /* SystemInfo.swift in Sources */ = {isa = PBXBuildFile; fileRef = D0C786B12475B7B300F79FBA /* SystemInfo.swift */; };
		D0C786B42475B7C500F79FBA /* Dates.swift in Sources */ = {isa = PBXBuildFile; fileRef = D0C786B32475B7C500F79FBA /* Dates.swift */; };
		D0C786B62475B7DE00F79FBA /* GlobalVars.swift in Sources */ = {isa = PBXBuildFile; fileRef = D0C786B52475B7DE00F79FBA /* GlobalVars.swift */; };
		D0C786B82475EC3D00F79FBA /* NVC+Extension.swift in Sources */ = {isa = PBXBuildFile; fileRef = D0C786B72475EC3D00F79FBA /* NVC+Extension.swift */; };
		D0C786BA2475EC7700F79FBA /* NudgeViewModal.swift in Sources */ = {isa = PBXBuildFile; fileRef = D0C786B92475EC7700F79FBA /* NudgeViewModal.swift */; };
/* End PBXBuildFile section */

/* Begin PBXFileReference section */
		D019D72C2480417A00257524 /* Alerts.swift */ = {isa = PBXFileReference; lastKnownFileType = sourcecode.swift; path = Alerts.swift; sourceTree = "<group>"; };
		D01DD1CE248EF2F9001C84BF /* nudge.json */ = {isa = PBXFileReference; fileEncoding = 4; lastKnownFileType = text.json; path = nudge.json; sourceTree = "<group>"; };
		D0BA9C20247DA65B00B32A25 /* WindowManager.swift */ = {isa = PBXFileReference; lastKnownFileType = sourcecode.swift; path = WindowManager.swift; sourceTree = "<group>"; };
		D0BA9C27247F741900B32A25 /* Nudge.swift */ = {isa = PBXFileReference; lastKnownFileType = sourcecode.swift; path = Nudge.swift; sourceTree = "<group>"; };
		D0BF9BD6247704F8003FC9C0 /* Timer.swift */ = {isa = PBXFileReference; lastKnownFileType = sourcecode.swift; path = Timer.swift; sourceTree = "<group>"; };
		D0BF9BD824770FD9003FC9C0 /* NudgeWindowController.swift */ = {isa = PBXFileReference; lastKnownFileType = sourcecode.swift; path = NudgeWindowController.swift; sourceTree = "<group>"; };
		D0C786912475B55A00F79FBA /* Nudges.app */ = {isa = PBXFileReference; explicitFileType = wrapper.application; includeInIndex = 0; path = Nudges.app; sourceTree = BUILT_PRODUCTS_DIR; };
		D0C786942475B55A00F79FBA /* AppDelegate.swift */ = {isa = PBXFileReference; lastKnownFileType = sourcecode.swift; path = AppDelegate.swift; sourceTree = "<group>"; };
		D0C786962475B55A00F79FBA /* NudgeViewController.swift */ = {isa = PBXFileReference; lastKnownFileType = sourcecode.swift; path = NudgeViewController.swift; sourceTree = "<group>"; };
		D0C786982475B55C00F79FBA /* Assets.xcassets */ = {isa = PBXFileReference; lastKnownFileType = folder.assetcatalog; path = Assets.xcassets; sourceTree = "<group>"; };
		D0C7869B2475B55C00F79FBA /* Base */ = {isa = PBXFileReference; lastKnownFileType = file.storyboard; name = Base; path = Base.lproj/Main.storyboard; sourceTree = "<group>"; };
		D0C7869D2475B55C00F79FBA /* Info.plist */ = {isa = PBXFileReference; lastKnownFileType = text.plist.xml; path = Info.plist; sourceTree = "<group>"; };
		D0C7869E2475B55C00F79FBA /* Nudges.entitlements */ = {isa = PBXFileReference; lastKnownFileType = text.plist.entitlements; path = Nudges.entitlements; sourceTree = "<group>"; };
		D0C786A52475B5D900F79FBA /* JsonReader.swift */ = {isa = PBXFileReference; lastKnownFileType = sourcecode.swift; path = JsonReader.swift; sourceTree = "<group>"; };
		D0C786A72475B5F900F79FBA /* Logger.swift */ = {isa = PBXFileReference; lastKnownFileType = sourcecode.swift; path = Logger.swift; sourceTree = "<group>"; };
		D0C786AA2475B62400F79FBA /* LogMessages.swift */ = {isa = PBXFileReference; lastKnownFileType = sourcecode.swift; path = LogMessages.swift; sourceTree = "<group>"; };
		D0C786AD2475B64E00F79FBA /* Preferences.swift */ = {isa = PBXFileReference; lastKnownFileType = sourcecode.swift; path = Preferences.swift; sourceTree = "<group>"; };
		D0C786B12475B7B300F79FBA /* SystemInfo.swift */ = {isa = PBXFileReference; lastKnownFileType = sourcecode.swift; path = SystemInfo.swift; sourceTree = "<group>"; };
		D0C786B32475B7C500F79FBA /* Dates.swift */ = {isa = PBXFileReference; lastKnownFileType = sourcecode.swift; path = Dates.swift; sourceTree = "<group>"; };
		D0C786B52475B7DE00F79FBA /* GlobalVars.swift */ = {isa = PBXFileReference; lastKnownFileType = sourcecode.swift; path = GlobalVars.swift; sourceTree = "<group>"; };
		D0C786B72475EC3D00F79FBA /* NVC+Extension.swift */ = {isa = PBXFileReference; lastKnownFileType = sourcecode.swift; path = "NVC+Extension.swift"; sourceTree = "<group>"; };
		D0C786B92475EC7700F79FBA /* NudgeViewModal.swift */ = {isa = PBXFileReference; lastKnownFileType = sourcecode.swift; path = NudgeViewModal.swift; sourceTree = "<group>"; };
/* End PBXFileReference section */

/* Begin PBXFrameworksBuildPhase section */
		D0C7868E2475B55A00F79FBA /* Frameworks */ = {
			isa = PBXFrameworksBuildPhase;
			buildActionMask = 2147483647;
			files = (
			);
			runOnlyForDeploymentPostprocessing = 0;
		};
/* End PBXFrameworksBuildPhase section */

/* Begin PBXGroup section */
		D0BA9C26247F740000B32A25 /* Controllers */ = {
			isa = PBXGroup;
			children = (
				D0C786942475B55A00F79FBA /* AppDelegate.swift */,
				D0BA9C27247F741900B32A25 /* Nudge.swift */,
			);
			path = Controllers;
			sourceTree = "<group>";
		};
		D0C786882475B55A00F79FBA = {
			isa = PBXGroup;
			children = (
				D0C786932475B55A00F79FBA /* Nudges */,
				D0C786922475B55A00F79FBA /* Products */,
			);
			sourceTree = "<group>";
		};
		D0C786922475B55A00F79FBA /* Products */ = {
			isa = PBXGroup;
			children = (
				D0C786912475B55A00F79FBA /* Nudges.app */,
			);
			name = Products;
			sourceTree = "<group>";
		};
		D0C786932475B55A00F79FBA /* Nudges */ = {
			isa = PBXGroup;
			children = (
				D0BA9C26247F740000B32A25 /* Controllers */,
				D0C786982475B55C00F79FBA /* Assets.xcassets */,
				D0C786B02475B68600F79FBA /* ViewControllers */,
				D0C786AF2475B67A00F79FBA /* StoryBoard */,
				D0C786AC2475B63F00F79FBA /* Modals */,
				D0C786A92475B60B00F79FBA /* Constants */,
				D0C786A42475B5B800F79FBA /* Utilities */,
				D0C7869D2475B55C00F79FBA /* Info.plist */,
				D0C7869E2475B55C00F79FBA /* Nudges.entitlements */,
				D01DD1CE248EF2F9001C84BF /* nudge.json */,
			);
			path = Nudges;
			sourceTree = "<group>";
		};
		D0C786A42475B5B800F79FBA /* Utilities */ = {
			isa = PBXGroup;
			children = (
				D0C786A52475B5D900F79FBA /* JsonReader.swift */,
				D0C786A72475B5F900F79FBA /* Logger.swift */,
				D0BF9BD6247704F8003FC9C0 /* Timer.swift */,
			);
			path = Utilities;
			sourceTree = "<group>";
		};
		D0C786A92475B60B00F79FBA /* Constants */ = {
			isa = PBXGroup;
			children = (
				D0C786B52475B7DE00F79FBA /* GlobalVars.swift */,
				D0C786AA2475B62400F79FBA /* LogMessages.swift */,
			);
			path = Constants;
			sourceTree = "<group>";
		};
		D0C786AC2475B63F00F79FBA /* Modals */ = {
			isa = PBXGroup;
			children = (
				D0C786B12475B7B300F79FBA /* SystemInfo.swift */,
				D0C786AD2475B64E00F79FBA /* Preferences.swift */,
				D0C786B32475B7C500F79FBA /* Dates.swift */,
				D0C786B92475EC7700F79FBA /* NudgeViewModal.swift */,
				D019D72C2480417A00257524 /* Alerts.swift */,
			);
			path = Modals;
			sourceTree = "<group>";
		};
		D0C786AF2475B67A00F79FBA /* StoryBoard */ = {
			isa = PBXGroup;
			children = (
				D0C7869A2475B55C00F79FBA /* Main.storyboard */,
			);
			path = StoryBoard;
			sourceTree = "<group>";
		};
		D0C786B02475B68600F79FBA /* ViewControllers */ = {
			isa = PBXGroup;
			children = (
				D0C786962475B55A00F79FBA /* NudgeViewController.swift */,
				D0C786B72475EC3D00F79FBA /* NVC+Extension.swift */,
				D0BF9BD824770FD9003FC9C0 /* NudgeWindowController.swift */,
				D0BA9C20247DA65B00B32A25 /* WindowManager.swift */,
			);
			path = ViewControllers;
			sourceTree = "<group>";
		};
/* End PBXGroup section */

/* Begin PBXNativeTarget section */
		D0C786902475B55A00F79FBA /* Nudges */ = {
			isa = PBXNativeTarget;
			buildConfigurationList = D0C786A12475B55C00F79FBA /* Build configuration list for PBXNativeTarget "Nudges" */;
			buildPhases = (
				D0C7868D2475B55A00F79FBA /* Sources */,
				D0C7868E2475B55A00F79FBA /* Frameworks */,
				D0C7868F2475B55A00F79FBA /* Resources */,
			);
			buildRules = (
			);
			dependencies = (
			);
			name = Nudges;
			productName = Nudges;
			productReference = D0C786912475B55A00F79FBA /* Nudges.app */;
			productType = "com.apple.product-type.application";
		};
/* End PBXNativeTarget section */

/* Begin PBXProject section */
		D0C786892475B55A00F79FBA /* Project object */ = {
			isa = PBXProject;
			attributes = {
				LastSwiftUpdateCheck = 1140;
				LastUpgradeCheck = 1150;
				ORGANIZATIONNAME = "Tarverdi Enterprises";
				TargetAttributes = {
					D0C786902475B55A00F79FBA = {
						CreatedOnToolsVersion = 11.4.1;
					};
				};
			};
			buildConfigurationList = D0C7868C2475B55A00F79FBA /* Build configuration list for PBXProject "Nudges" */;
			compatibilityVersion = "Xcode 9.3";
			developmentRegion = en;
			hasScannedForEncodings = 0;
			knownRegions = (
				en,
				Base,
			);
			mainGroup = D0C786882475B55A00F79FBA;
			productRefGroup = D0C786922475B55A00F79FBA /* Products */;
			projectDirPath = "";
			projectRoot = "";
			targets = (
				D0C786902475B55A00F79FBA /* Nudges */,
			);
		};
/* End PBXProject section */

/* Begin PBXResourcesBuildPhase section */
		D0C7868F2475B55A00F79FBA /* Resources */ = {
			isa = PBXResourcesBuildPhase;
			buildActionMask = 2147483647;
			files = (
				D0C786992475B55C00F79FBA /* Assets.xcassets in Resources */,
				D0C7869C2475B55C00F79FBA /* Main.storyboard in Resources */,
				D01DD1CF248EF2F9001C84BF /* nudge.json in Resources */,
			);
			runOnlyForDeploymentPostprocessing = 0;
		};
/* End PBXResourcesBuildPhase section */

/* Begin PBXSourcesBuildPhase section */
		D0C7868D2475B55A00F79FBA /* Sources */ = {
			isa = PBXSourcesBuildPhase;
			buildActionMask = 2147483647;
			files = (
				D0C786972475B55A00F79FBA /* NudgeViewController.swift in Sources */,
				D0C786B62475B7DE00F79FBA /* GlobalVars.swift in Sources */,
				D019D72D2480417A00257524 /* Alerts.swift in Sources */,
				D0C786A62475B5D900F79FBA /* JsonReader.swift in Sources */,
				D0BF9BD7247704F8003FC9C0 /* Timer.swift in Sources */,
				D0C786AE2475B64E00F79FBA /* Preferences.swift in Sources */,
				D0C786B22475B7B300F79FBA /* SystemInfo.swift in Sources */,
				D0C786B82475EC3D00F79FBA /* NVC+Extension.swift in Sources */,
				D0BA9C28247F741900B32A25 /* Nudge.swift in Sources */,
				D0C786AB2475B62400F79FBA /* LogMessages.swift in Sources */,
				D0C786952475B55A00F79FBA /* AppDelegate.swift in Sources */,
				D0BA9C21247DA65B00B32A25 /* WindowManager.swift in Sources */,
				D0BF9BD924770FD9003FC9C0 /* NudgeWindowController.swift in Sources */,
				D0C786BA2475EC7700F79FBA /* NudgeViewModal.swift in Sources */,
				D0C786A82475B5F900F79FBA /* Logger.swift in Sources */,
				D0C786B42475B7C500F79FBA /* Dates.swift in Sources */,
			);
			runOnlyForDeploymentPostprocessing = 0;
		};
/* End PBXSourcesBuildPhase section */

/* Begin PBXVariantGroup section */
		D0C7869A2475B55C00F79FBA /* Main.storyboard */ = {
			isa = PBXVariantGroup;
			children = (
				D0C7869B2475B55C00F79FBA /* Base */,
			);
			name = Main.storyboard;
			sourceTree = "<group>";
		};
/* End PBXVariantGroup section */

/* Begin XCBuildConfiguration section */
		D0C7869F2475B55C00F79FBA /* Debug */ = {
			isa = XCBuildConfiguration;
			buildSettings = {
				ALWAYS_SEARCH_USER_PATHS = NO;
				CLANG_ANALYZER_NONNULL = YES;
				CLANG_ANALYZER_NUMBER_OBJECT_CONVERSION = YES_AGGRESSIVE;
				CLANG_CXX_LANGUAGE_STANDARD = "gnu++14";
				CLANG_CXX_LIBRARY = "libc++";
				CLANG_ENABLE_MODULES = YES;
				CLANG_ENABLE_OBJC_ARC = YES;
				CLANG_ENABLE_OBJC_WEAK = YES;
				CLANG_WARN_BLOCK_CAPTURE_AUTORELEASING = YES;
				CLANG_WARN_BOOL_CONVERSION = YES;
				CLANG_WARN_COMMA = YES;
				CLANG_WARN_CONSTANT_CONVERSION = YES;
				CLANG_WARN_DEPRECATED_OBJC_IMPLEMENTATIONS = YES;
				CLANG_WARN_DIRECT_OBJC_ISA_USAGE = YES_ERROR;
				CLANG_WARN_DOCUMENTATION_COMMENTS = YES;
				CLANG_WARN_EMPTY_BODY = YES;
				CLANG_WARN_ENUM_CONVERSION = YES;
				CLANG_WARN_INFINITE_RECURSION = YES;
				CLANG_WARN_INT_CONVERSION = YES;
				CLANG_WARN_NON_LITERAL_NULL_CONVERSION = YES;
				CLANG_WARN_OBJC_IMPLICIT_RETAIN_SELF = YES;
				CLANG_WARN_OBJC_LITERAL_CONVERSION = YES;
				CLANG_WARN_OBJC_ROOT_CLASS = YES_ERROR;
				CLANG_WARN_RANGE_LOOP_ANALYSIS = YES;
				CLANG_WARN_STRICT_PROTOTYPES = YES;
				CLANG_WARN_SUSPICIOUS_MOVE = YES;
				CLANG_WARN_UNGUARDED_AVAILABILITY = YES_AGGRESSIVE;
				CLANG_WARN_UNREACHABLE_CODE = YES;
				CLANG_WARN__DUPLICATE_METHOD_MATCH = YES;
				COPY_PHASE_STRIP = NO;
				DEBUG_INFORMATION_FORMAT = dwarf;
				ENABLE_STRICT_OBJC_MSGSEND = YES;
				ENABLE_TESTABILITY = YES;
				GCC_C_LANGUAGE_STANDARD = gnu11;
				GCC_DYNAMIC_NO_PIC = NO;
				GCC_NO_COMMON_BLOCKS = YES;
				GCC_OPTIMIZATION_LEVEL = 0;
				GCC_PREPROCESSOR_DEFINITIONS = (
					"DEBUG=1",
					"$(inherited)",
				);
				GCC_WARN_64_TO_32_BIT_CONVERSION = YES;
				GCC_WARN_ABOUT_RETURN_TYPE = YES_ERROR;
				GCC_WARN_UNDECLARED_SELECTOR = YES;
				GCC_WARN_UNINITIALIZED_AUTOS = YES_AGGRESSIVE;
				GCC_WARN_UNUSED_FUNCTION = YES;
				GCC_WARN_UNUSED_VARIABLE = YES;
				MACOSX_DEPLOYMENT_TARGET = 10.15;
				MTL_ENABLE_DEBUG_INFO = INCLUDE_SOURCE;
				MTL_FAST_MATH = YES;
				ONLY_ACTIVE_ARCH = YES;
				SDKROOT = macosx;
				SWIFT_ACTIVE_COMPILATION_CONDITIONS = DEBUG;
				SWIFT_OPTIMIZATION_LEVEL = "-Onone";
			};
			name = Debug;
		};
		D0C786A02475B55C00F79FBA /* Release */ = {
			isa = XCBuildConfiguration;
			buildSettings = {
				ALWAYS_SEARCH_USER_PATHS = NO;
				CLANG_ANALYZER_NONNULL = YES;
				CLANG_ANALYZER_NUMBER_OBJECT_CONVERSION = YES_AGGRESSIVE;
				CLANG_CXX_LANGUAGE_STANDARD = "gnu++14";
				CLANG_CXX_LIBRARY = "libc++";
				CLANG_ENABLE_MODULES = YES;
				CLANG_ENABLE_OBJC_ARC = YES;
				CLANG_ENABLE_OBJC_WEAK = YES;
				CLANG_WARN_BLOCK_CAPTURE_AUTORELEASING = YES;
				CLANG_WARN_BOOL_CONVERSION = YES;
				CLANG_WARN_COMMA = YES;
				CLANG_WARN_CONSTANT_CONVERSION = YES;
				CLANG_WARN_DEPRECATED_OBJC_IMPLEMENTATIONS = YES;
				CLANG_WARN_DIRECT_OBJC_ISA_USAGE = YES_ERROR;
				CLANG_WARN_DOCUMENTATION_COMMENTS = YES;
				CLANG_WARN_EMPTY_BODY = YES;
				CLANG_WARN_ENUM_CONVERSION = YES;
				CLANG_WARN_INFINITE_RECURSION = YES;
				CLANG_WARN_INT_CONVERSION = YES;
				CLANG_WARN_NON_LITERAL_NULL_CONVERSION = YES;
				CLANG_WARN_OBJC_IMPLICIT_RETAIN_SELF = YES;
				CLANG_WARN_OBJC_LITERAL_CONVERSION = YES;
				CLANG_WARN_OBJC_ROOT_CLASS = YES_ERROR;
				CLANG_WARN_RANGE_LOOP_ANALYSIS = YES;
				CLANG_WARN_STRICT_PROTOTYPES = YES;
				CLANG_WARN_SUSPICIOUS_MOVE = YES;
				CLANG_WARN_UNGUARDED_AVAILABILITY = YES_AGGRESSIVE;
				CLANG_WARN_UNREACHABLE_CODE = YES;
				CLANG_WARN__DUPLICATE_METHOD_MATCH = YES;
				COPY_PHASE_STRIP = NO;
				DEBUG_INFORMATION_FORMAT = "dwarf-with-dsym";
				ENABLE_NS_ASSERTIONS = NO;
				ENABLE_STRICT_OBJC_MSGSEND = YES;
				GCC_C_LANGUAGE_STANDARD = gnu11;
				GCC_NO_COMMON_BLOCKS = YES;
				GCC_WARN_64_TO_32_BIT_CONVERSION = YES;
				GCC_WARN_ABOUT_RETURN_TYPE = YES_ERROR;
				GCC_WARN_UNDECLARED_SELECTOR = YES;
				GCC_WARN_UNINITIALIZED_AUTOS = YES_AGGRESSIVE;
				GCC_WARN_UNUSED_FUNCTION = YES;
				GCC_WARN_UNUSED_VARIABLE = YES;
				MACOSX_DEPLOYMENT_TARGET = 10.15;
				MTL_ENABLE_DEBUG_INFO = NO;
				MTL_FAST_MATH = YES;
				SDKROOT = macosx;
				SWIFT_COMPILATION_MODE = wholemodule;
				SWIFT_OPTIMIZATION_LEVEL = "-O";
			};
			name = Release;
		};
		D0C786A22475B55C00F79FBA /* Debug */ = {
			isa = XCBuildConfiguration;
			buildSettings = {
				ASSETCATALOG_COMPILER_APPICON_NAME = AppIcon;
				CODE_SIGN_ENTITLEMENTS = Nudges/Nudges.entitlements;
				CODE_SIGN_IDENTITY = "-";
				CODE_SIGN_STYLE = Automatic;
				COMBINE_HIDPI_IMAGES = YES;
				DEVELOPMENT_TEAM = 9W2SUNWPBP;
				ENABLE_HARDENED_RUNTIME = YES;
				INFOPLIST_FILE = Nudges/Info.plist;
				LD_RUNPATH_SEARCH_PATHS = (
					"$(inherited)",
					"@executable_path/../Frameworks",
				);
				PRODUCT_BUNDLE_IDENTIFIER = com.tarent.Nudges;
				PRODUCT_NAME = "$(TARGET_NAME)";
				SWIFT_VERSION = 5.0;
			};
			name = Debug;
		};
		D0C786A32475B55C00F79FBA /* Release */ = {
			isa = XCBuildConfiguration;
			buildSettings = {
				ASSETCATALOG_COMPILER_APPICON_NAME = AppIcon;
				CODE_SIGN_ENTITLEMENTS = Nudges/Nudges.entitlements;
				CODE_SIGN_IDENTITY = "-";
				CODE_SIGN_STYLE = Automatic;
				COMBINE_HIDPI_IMAGES = YES;
				DEVELOPMENT_TEAM = 9W2SUNWPBP;
				ENABLE_HARDENED_RUNTIME = YES;
				INFOPLIST_FILE = Nudges/Info.plist;
				LD_RUNPATH_SEARCH_PATHS = (
					"$(inherited)",
					"@executable_path/../Frameworks",
				);
				PRODUCT_BUNDLE_IDENTIFIER = com.tarent.Nudges;
				PRODUCT_NAME = "$(TARGET_NAME)";
				SWIFT_VERSION = 5.0;
			};
			name = Release;
		};
/* End XCBuildConfiguration section */

/* Begin XCConfigurationList section */
		D0C7868C2475B55A00F79FBA /* Build configuration list for PBXProject "Nudges" */ = {
			isa = XCConfigurationList;
			buildConfigurations = (
				D0C7869F2475B55C00F79FBA /* Debug */,
				D0C786A02475B55C00F79FBA /* Release */,
			);
			defaultConfigurationIsVisible = 0;
			defaultConfigurationName = Release;
		};
		D0C786A12475B55C00F79FBA /* Build configuration list for PBXNativeTarget "Nudges" */ = {
			isa = XCConfigurationList;
			buildConfigurations = (
				D0C786A22475B55C00F79FBA /* Debug */,
				D0C786A32475B55C00F79FBA /* Release */,
			);
			defaultConfigurationIsVisible = 0;
			defaultConfigurationName = Release;
		};
/* End XCConfigurationList section */
	};
	rootObject = D0C786892475B55A00F79FBA /* Project object */;
}
